PODS:
  - app_links (7.0.0):
    - Flutter
  - cupertino_http (0.0.1):
    - Flutter
    - FlutterMacOS
  - device_info_plus (0.0.1):
    - Flutter
  - Flutter (1.0.0)
  - flutter_keyboard_visibility_temp_fork (0.0.1):
    - Flutter
  - image_picker_ios (0.0.1):
    - Flutter
  - is_ios_simulator (0.0.1):
    - Flutter
  - ObjectBox (5.3.0)
  - objectbox_flutter_libs (0.0.1):
    - Flutter
    - ObjectBox (= 5.3.0)
  - objective_c (0.0.1):
    - Flutter
  - package_info_plus (0.4.5):
    - Flutter
  - quill_native_bridge_ios (0.0.1):
    - Flutter
  - Sentry/HybridSDK (8.58.4)
  - sentry_flutter (9.26.0):
    - Flutter
    - FlutterMacOS
    - Sentry/HybridSDK (= 8.58.4)
  - share_plus (0.0.1):
    - Flutter
  - shared_preferences_foundation (0.0.1):
    - Flutter
    - FlutterMacOS
  - url_launcher_ios (0.0.1):
    - Flutter

DEPENDENCIES:
  - app_links (from `.symlinks/plugins/app_links/ios`)
  - cupertino_http (from `.symlinks/plugins/cupertino_http/darwin`)
  - device_info_plus (from `.symlinks/plugins/device_info_plus/ios`)
  - Flutter (from `Flutter`)
  - flutter_keyboard_visibility_temp_fork (from `.symlinks/plugins/flutter_keyboard_visibility_temp_fork/ios`)
  - image_picker_ios (from `.symlinks/plugins/image_picker_ios/ios`)
  - is_ios_simulator (from `.symlinks/plugins/is_ios_simulator/ios`)
  - objectbox_flutter_libs (from `.symlinks/plugins/objectbox_flutter_libs/ios`)
  - objective_c (from `.symlinks/plugins/objective_c/ios`)
  - package_info_plus (from `.symlinks/plugins/package_info_plus/ios`)
  - quill_native_bridge_ios (from `.symlinks/plugins/quill_native_bridge_ios/ios`)
  - sentry_flutter (from `.symlinks/plugins/sentry_flutter/ios`)
  - share_plus (from `.symlinks/plugins/share_plus/ios`)
  - shared_preferences_foundation (from `.symlinks/plugins/shared_preferences_foundation/darwin`)
  - url_launcher_ios (from `.symlinks/plugins/url_launcher_ios/ios`)

SPEC REPOS:
  trunk:
    - ObjectBox
    - Sentry

EXTERNAL SOURCES:
  app_links:
    :path: ".symlinks/plugins/app_links/ios"
  cupertino_http:
    :path: ".symlinks/plugins/cupertino_http/darwin"
  device_info_plus:
    :path: ".symlinks/plugins/device_info_plus/ios"
  Flutter:
    :path: Flutter
  flutter_keyboard_visibility_temp_fork:
    :path: ".symlinks/plugins/flutter_keyboard_visibility_temp_fork/ios"
  image_picker_ios:
    :path: ".symlinks/plugins/image_picker_ios/ios"
  is_ios_simulator:
    :path: ".symlinks/plugins/is_ios_simulator/ios"
  objectbox_flutter_libs:
    :path: ".symlinks/plugins/objectbox_flutter_libs/ios"
  objective_c:
    :path: ".symlinks/plugins/objective_c/ios"
  package_info_plus:
    :path: ".symlinks/plugins/package_info_plus/ios"
  quill_native_bridge_ios:
    :path: ".symlinks/plugins/quill_native_bridge_ios/ios"
  sentry_flutter:
    :path: ".symlinks/plugins/sentry_flutter/ios"
  share_plus:
    :path: ".symlinks/plugins/share_plus/ios"
  shared_preferences_foundation:
    :path: ".symlinks/plugins/shared_preferences_foundation/darwin"
  url_launcher_ios:
    :path: ".symlinks/plugins/url_launcher_ios/ios"

SPEC CHECKSUMS:
  app_links: a754cbec3c255bd4bbb4d236ecc06f28cd9a7ce8
  cupertino_http: 94ac07f5ff090b8effa6c5e2c47871d48ab7c86c
  device_info_plus: 21fcca2080fbcd348be798aa36c3e5ed849eefbe
  Flutter: cabc95a1d2626b1b06e7179b784ebcf0c0cde467
  flutter_keyboard_visibility_temp_fork: 95b2d534bacf6ac62e7fcbe5c2a9e2c2a17ce06f
  image_picker_ios: e0ece4aa2a75771a7de3fa735d26d90817041326
  is_ios_simulator: 1125d89fceb232f353d3ec3602c9a67da6e6aada
  ObjectBox: 2aae8ad350012cb53c6e7848064307cf68617f73
  objectbox_flutter_libs: 42b57158b8c4869b731487f220e07d6edc6616e0
  objective_c: 89e720c30d716b036faf9c9684022048eee1eee2
  package_info_plus: af8e2ca6888548050f16fa2f1938db7b5a5df499
  quill_native_bridge_ios: f47af4b14e7757968486641656c5d23250cee521
  Sentry: 5321d74bdd28d6f6f8beaa1ca06f1fdc746bff49
  sentry_flutter: 01a996130a18996b59600c51e68b0e6364cde8b3
  share_plus: 50da8cb520a8f0f65671c6c6a99b3617ed10a58a
  shared_preferences_foundation: 7036424c3d8ec98dfe75ff1667cb0cd531ec82bb
  url_launcher_ios: 7a95fa5b60cc718a708b8f2966718e93db0cef1b

PODFILE CHECKSUM: 409c46691e13311f368adbde6faecb67f358c0c2

COCOAPODS: 1.16.2
